
Microsoft Visual Studio Solution File, Format Version 12.00
# Visual Studio Version 17
VisualStudioVersion = 17.11.35303.130
MinimumVisualStudioVersion = 10.0.40219.1
Project("{8BC9CEB8-8B4A-11D0-8D11-00A0C91BC942}") = "GameOver", "GameOver\GameOver.vcxproj", "{4EF5B303-8C99-460E-8336-FA2C661D3A95}"
EndProject
Project("{8BC9CEB8-8B4A-11D0-8D11-00A0C91BC942}") = "ExpensiveCalculator", "ExpensiveCalculator\ExpensiveCalculator.vcxproj", "{464CA556-11F2-417C-A00B-18FD860109D9}"
EndProject
Project("{8BC9CEB8-8B4A-11D0-8D11-00A0C91BC942}") = "GameStats", "GameStats\GameStats.vcxproj", "{4DC2065A-8EC4-48F6-BEE0-D69B6445802C}"
EndProject
Project("{8BC9CEB8-8B4A-11D0-8D11-00A0C91BC942}") = "Game Stats 2.0", "Game Stats 2.0\Game Stats 2.0.vcxproj", "{54C122A8-32E1-40BE-B3FC-E0A3AF1D2E05}"
EndProject
Project("{8BC9CEB8-8B4A-11D0-8D11-00A0C91BC942}") = "Game Stats 3.0", "Game Stats 3.0\Game Stats 3.0.vcxproj", "{096B0375-F45B-47D6-830C-D4E3E152D052}"
EndProject
Project("{8BC9CEB8-8B4A-11D0-8D11-00A0C91BC942}") = "Lost Fortune", "Lost Fortune\Lost Fortune.vcxproj", "{CD730AA6-B291-4ECF-A741-4BA8ADCE4941}"
EndProject
Project("{8BC9CEB8-8B4A-11D0-8D11-00A0C91BC942}") = "Score Rater", "Score Rater\Score Rater.vcxproj", "{DCE83F28-5061-4374-82FE-DE1CDBF2988D}"
EndProject
Project("{8BC9CEB8-8B4A-11D0-8D11-00A0C91BC942}") = "Score Rater 2.0", "Score Rater 2.0\Score Rater 2.0.vcxproj", "{C8DCE0DD-D882-4782-9C24-190E40655F79}"
EndProject
Project("{8BC9CEB8-8B4A-11D0-8D11-00A0C91BC942}") = "Score Rater 3.0", "Score Rater 3.0\Score Rater 3.0.vcxproj", "{06D00BE6-BF6B-456F-93C3-A790266081AE}"
EndProject
Project("{8BC9CEB8-8B4A-11D0-8D11-00A0C91BC942}") = "Menu Chooser", "Menu Chooser\Menu Chooser.vcxproj", "{95CE123A-58AD-4B28-BA97-12E8B9F4D927}"
EndProject
Project("{8BC9CEB8-8B4A-11D0-8D11-00A0C91BC942}") = "Die Roller", "Die Roller\Die Roller.vcxproj", "{A844AD48-D19C-4561-BFAA-B4220EBDD2D5}"
EndProject
Project("{8BC9CEB8-8B4A-11D0-8D11-00A0C91BC942}") = "Guess My Number", "Guess My Number\Guess My Number.vcxproj", "{1B3BE607-4184-4116-A9C0-EEC774C305F8}"
EndProject
Project("{8BC9CEB8-8B4A-11D0-8D11-00A0C91BC942}") = "String Tester", "String Tester\String Tester.vcxproj", "{A15D64CE-41A3-4420-86D5-CA25E1DAD819}"
EndProject
Project("{8BC9CEB8-8B4A-11D0-8D11-00A0C91BC942}") = "Tic_Tac_Toe _Board", "Tic_Tac_Toe _Board\Tic_Tac_Toe _Board.vcxproj", "{7042FBEE-7003-4723-A984-08799C8CA9A1}"
EndProject
Project("{8BC9CEB8-8B4A-11D0-8D11-00A0C91BC942}") = "Hero's Invetory 3.0", "Hero's Invetory 3.0\Hero's Invetory 3.0.vcxproj", "{05F4D14A-5D46-49E4-90B9-0C25F07467D0}"
EndProject
Project("{8BC9CEB8-8B4A-11D0-8D11-00A0C91BC942}") = "High Scores", "High Scores\High Scores.vcxproj", "{27DCA6BA-0D77-454A-B454-4296345E2515}"
EndProject
Project("{8BC9CEB8-8B4A-11D0-8D11-00A0C91BC942}") = "Hangman", "Hangman\Hangman.vcxproj", "{CAB017E0-28E2-496E-98AE-8AEDE85550AC}"
EndProject
Project("{8BC9CEB8-8B4A-11D0-8D11-00A0C91BC942}") = "Referencing", "Referencing\Referencing.vcxproj", "{EF63EF8E-7E1C-451E-A699-5BD1DFA79853}"
EndProject
Project("{8BC9CEB8-8B4A-11D0-8D11-00A0C91BC942}") = "Swap", "Swap\Swap.vcxproj", "{088F50FA-763D-4DB9-B922-BC0835ECCF3F}"
EndProject
Project("{8BC9CEB8-8B4A-11D0-8D11-00A0C91BC942}") = "Tic_Tac_Toe_Game", "Tic_Tac_Toe_Game\Tic_Tac_Toe_Game.vcxproj", "{42D12554-128E-40E0-9597-E1EBCE0BE2E6}"
EndProject
Project("{8BC9CEB8-8B4A-11D0-8D11-00A0C91BC942}") = "Pointing", "Pointing\Pointing.vcxproj", "{D252534D-2B95-4FC3-81F6-E3FC93D3EE63}"
EndProject
Project("{8BC9CEB8-8B4A-11D0-8D11-00A0C91BC942}") = "SwapPointerVersion", "SwapPointerVersion\SwapPointerVersion.vcxproj", "{11716303-FFB9-480D-941A-ADBD4B125DFB}"
EndProject
Project("{8BC9CEB8-8B4A-11D0-8D11-00A0C91BC942}") = "SimpleCritter", "SimpleCritter\SimpleCritter.vcxproj", "{5E0AC118-5003-4FF3-8D0A-8C680ADFECAA}"
EndProject
Project("{8BC9CEB8-8B4A-11D0-8D11-00A0C91BC942}") = "CritterCareTaker", "CritterCareTaker\CritterCareTaker.vcxproj", "{38BF5662-E9C7-475F-A822-E8B8E9D69FD5}"
EndProject
Project("{8BC9CEB8-8B4A-11D0-8D11-00A0C91BC942}") = "FriendCritter", "FriendCritter\FriendCritter.vcxproj", "{FBE2A299-B46B-437B-9192-9BEEB5B1E956}"
EndProject
Project("{8BC9CEB8-8B4A-11D0-8D11-00A0C91BC942}") = "Heap", "Heap\Heap.vcxproj", "{F3735CE0-3BE2-4923-984B-71ECA47084E4}"
EndProject
Project("{8BC9CEB8-8B4A-11D0-8D11-00A0C91BC942}") = "HeapDataMember", "HeapDataMember\HeapDataMember.vcxproj", "{54F46316-3253-4227-8D34-443B26E170A4}"
EndProject
Project("{8BC9CEB8-8B4A-11D0-8D11-00A0C91BC942}") = "Game Lobby", "Game Lobby\Game Lobby.vcxproj", "{C6CE5BF7-48E6-412D-B287-913B1E4D4559}"
EndProject
Global
	GlobalSection(SolutionConfigurationPlatforms) = preSolution
		Debug|x64 = Debug|x64
		Debug|x86 = Debug|x86
		Release|x64 = Release|x64
		Release|x86 = Release|x86
	EndGlobalSection
	GlobalSection(ProjectConfigurationPlatforms) = postSolution
		{4EF5B303-8C99-460E-8336-FA2C661D3A95}.Debug|x64.ActiveCfg = Debug|x64
		{4EF5B303-8C99-460E-8336-FA2C661D3A95}.Debug|x64.Build.0 = Debug|x64
		{4EF5B303-8C99-460E-8336-FA2C661D3A95}.Debug|x86.ActiveCfg = Debug|Win32
		{4EF5B303-8C99-460E-8336-FA2C661D3A95}.Debug|x86.Build.0 = Debug|Win32
		{4EF5B303-8C99-460E-8336-FA2C661D3A95}.Release|x64.ActiveCfg = Release|x64
		{4EF5B303-8C99-460E-8336-FA2C661D3A95}.Release|x64.Build.0 = Release|x64
		{4EF5B303-8C99-460E-8336-FA2C661D3A95}.Release|x86.ActiveCfg = Release|Win32
		{4EF5B303-8C99-460E-8336-FA2C661D3A95}.Release|x86.Build.0 = Release|Win32
		{464CA556-11F2-417C-A00B-18FD860109D9}.Debug|x64.ActiveCfg = Debug|x64
		{464CA556-11F2-417C-A00B-18FD860109D9}.Debug|x64.Build.0 = Debug|x64
		{464CA556-11F2-417C-A00B-18FD860109D9}.Debug|x86.ActiveCfg = Debug|Win32
		{464CA556-11F2-417C-A00B-18FD860109D9}.Debug|x86.Build.0 = Debug|Win32
		{464CA556-11F2-417C-A00B-18FD860109D9}.Release|x64.ActiveCfg = Release|x64
		{464CA556-11F2-417C-A00B-18FD860109D9}.Release|x64.Build.0 = Release|x64
		{464CA556-11F2-417C-A00B-18FD860109D9}.Release|x86.ActiveCfg = Release|Win32
		{464CA556-11F2-417C-A00B-18FD860109D9}.Release|x86.Build.0 = Release|Win32
		{4DC2065A-8EC4-48F6-BEE0-D69B6445802C}.Debug|x64.ActiveCfg = Debug|x64
		{4DC2065A-8EC4-48F6-BEE0-D69B6445802C}.Debug|x64.Build.0 = Debug|x64
		{4DC2065A-8EC4-48F6-BEE0-D69B6445802C}.Debug|x86.ActiveCfg = Debug|Win32
		{4DC2065A-8EC4-48F6-BEE0-D69B6445802C}.Debug|x86.Build.0 = Debug|Win32
		{4DC2065A-8EC4-48F6-BEE0-D69B6445802C}.Release|x64.ActiveCfg = Release|x64
		{4DC2065A-8EC4-48F6-BEE0-D69B6445802C}.Release|x64.Build.0 = Release|x64
		{4DC2065A-8EC4-48F6-BEE0-D69B6445802C}.Release|x86.ActiveCfg = Release|Win32
		{4DC2065A-8EC4-48F6-BEE0-D69B6445802C}.Release|x86.Build.0 = Release|Win32
		{54C122A8-32E1-40BE-B3FC-E0A3AF1D2E05}.Debug|x64.ActiveCfg = Debug|x64
		{54C122A8-32E1-40BE-B3FC-E0A3AF1D2E05}.Debug|x64.Build.0 = Debug|x64
		{54C122A8-32E1-40BE-B3FC-E0A3AF1D2E05}.Debug|x86.ActiveCfg = Debug|Win32
		{54C122A8-32E1-40BE-B3FC-E0A3AF1D2E05}.Debug|x86.Build.0 = Debug|Win32
		{54C122A8-32E1-40BE-B3FC-E0A3AF1D2E05}.Release|x64.ActiveCfg = Release|x64
		{54C122A8-32E1-40BE-B3FC-E0A3AF1D2E05}.Release|x64.Build.0 = Release|x64
		{54C122A8-32E1-40BE-B3FC-E0A3AF1D2E05}.Release|x86.ActiveCfg = Release|Win32
		{54C122A8-32E1-40BE-B3FC-E0A3AF1D2E05}.Release|x86.Build.0 = Release|Win32
		{096B0375-F45B-47D6-830C-D4E3E152D052}.Debug|x64.ActiveCfg = Debug|x64
		{096B0375-F45B-47D6-830C-D4E3E152D052}.Debug|x64.Build.0 = Debug|x64
		{096B0375-F45B-47D6-830C-D4E3E152D052}.Debug|x86.ActiveCfg = Debug|Win32
		{096B0375-F45B-47D6-830C-D4E3E152D052}.Debug|x86.Build.0 = Debug|Win32
		{096B0375-F45B-47D6-830C-D4E3E152D052}.Release|x64.ActiveCfg = Release|x64
		{096B0375-F45B-47D6-830C-D4E3E152D052}.Release|x64.Build.0 = Release|x64
		{096B0375-F45B-47D6-830C-D4E3E152D052}.Release|x86.ActiveCfg = Release|Win32
		{096B0375-F45B-47D6-830C-D4E3E152D052}.Release|x86.Build.0 = Release|Win32
		{CD730AA6-B291-4ECF-A741-4BA8ADCE4941}.Debug|x64.ActiveCfg = Debug|x64
		{CD730AA6-B291-4ECF-A741-4BA8ADCE4941}.Debug|x64.Build.0 = Debug|x64
		{CD730AA6-B291-4ECF-A741-4BA8ADCE4941}.Debug|x86.ActiveCfg = Debug|Win32
		{CD730AA6-B291-4ECF-A741-4BA8ADCE4941}.Debug|x86.Build.0 = Debug|Win32
		{CD730AA6-B291-4ECF-A741-4BA8ADCE4941}.Release|x64.ActiveCfg = Release|x64
		{CD730AA6-B291-4ECF-A741-4BA8ADCE4941}.Release|x64.Build.0 = Release|x64
		{CD730AA6-B291-4ECF-A741-4BA8ADCE4941}.Release|x86.ActiveCfg = Release|Win32
		{CD730AA6-B291-4ECF-A741-4BA8ADCE4941}.Release|x86.Build.0 = Release|Win32
		{DCE83F28-5061-4374-82FE-DE1CDBF2988D}.Debug|x64.ActiveCfg = Debug|x64
		{DCE83F28-5061-4374-82FE-DE1CDBF2988D}.Debug|x64.Build.0 = Debug|x64
		{DCE83F28-5061-4374-82FE-DE1CDBF2988D}.Debug|x86.ActiveCfg = Debug|Win32
		{DCE83F28-5061-4374-82FE-DE1CDBF2988D}.Debug|x86.Build.0 = Debug|Win32
		{DCE83F28-5061-4374-82FE-DE1CDBF2988D}.Release|x64.ActiveCfg = Release|x64
		{DCE83F28-5061-4374-82FE-DE1CDBF2988D}.Release|x64.Build.0 = Release|x64
		{DCE83F28-5061-4374-82FE-DE1CDBF2988D}.Release|x86.ActiveCfg = Release|Win32
		{DCE83F28-5061-4374-82FE-DE1CDBF2988D}.Release|x86.Build.0 = Release|Win32
		{C8DCE0DD-D882-4782-9C24-190E40655F79}.Debug|x64.ActiveCfg = Debug|x64
		{C8DCE0DD-D882-4782-9C24-190E40655F79}.Debug|x64.Build.0 = Debug|x64
		{C8DCE0DD-D882-4782-9C24-190E40655F79}.Debug|x86.ActiveCfg = Debug|Win32
		{C8DCE0DD-D882-4782-9C24-190E40655F79}.Debug|x86.Build.0 = Debug|Win32
		{C8DCE0DD-D882-4782-9C24-190E40655F79}.Release|x64.ActiveCfg = Release|x64
		{C8DCE0DD-D882-4782-9C24-190E40655F79}.Release|x64.Build.0 = Release|x64
		{C8DCE0DD-D882-4782-9C24-190E40655F79}.Release|x86.ActiveCfg = Release|Win32
		{C8DCE0DD-D882-4782-9C24-190E40655F79}.Release|x86.Build.0 = Release|Win32
		{06D00BE6-BF6B-456F-93C3-A790266081AE}.Debug|x64.ActiveCfg = Debug|x64
		{06D00BE6-BF6B-456F-93C3-A790266081AE}.Debug|x64.Build.0 = Debug|x64
		{06D00BE6-BF6B-456F-93C3-A790266081AE}.Debug|x86.ActiveCfg = Debug|Win32
		{06D00BE6-BF6B-456F-93C3-A790266081AE}.Debug|x86.Build.0 = Debug|Win32
		{06D00BE6-BF6B-456F-93C3-A790266081AE}.Release|x64.ActiveCfg = Release|x64
		{06D00BE6-BF6B-456F-93C3-A790266081AE}.Release|x64.Build.0 = Release|x64
		{06D00BE6-BF6B-456F-93C3-A790266081AE}.Release|x86.ActiveCfg = Release|Win32
		{06D00BE6-BF6B-456F-93C3-A790266081AE}.Release|x86.Build.0 = Release|Win32
		{95CE123A-58AD-4B28-BA97-12E8B9F4D927}.Debug|x64.ActiveCfg = Debug|x64
		{95CE123A-58AD-4B28-BA97-12E8B9F4D927}.Debug|x64.Build.0 = Debug|x64
		{95CE123A-58AD-4B28-BA97-12E8B9F4D927}.Debug|x86.ActiveCfg = Debug|Win32
		{95CE123A-58AD-4B28-BA97-12E8B9F4D927}.Debug|x86.Build.0 = Debug|Win32
		{95CE123A-58AD-4B28-BA97-12E8B9F4D927}.Release|x64.ActiveCfg = Release|x64
		{95CE123A-58AD-4B28-BA97-12E8B9F4D927}.Release|x64.Build.0 = Release|x64
		{95CE123A-58AD-4B28-BA97-12E8B9F4D927}.Release|x86.ActiveCfg = Release|Win32
		{95CE123A-58AD-4B28-BA97-12E8B9F4D927}.Release|x86.Build.0 = Release|Win32
		{A844AD48-D19C-4561-BFAA-B4220EBDD2D5}.Debug|x64.ActiveCfg = Debug|x64
		{A844AD48-D19C-4561-BFAA-B4220EBDD2D5}.Debug|x64.Build.0 = Debug|x64
		{A844AD48-D19C-4561-BFAA-B4220EBDD2D5}.Debug|x86.ActiveCfg = Debug|Win32
		{A844AD48-D19C-4561-BFAA-B4220EBDD2D5}.Debug|x86.Build.0 = Debug|Win32
		{A844AD48-D19C-4561-BFAA-B4220EBDD2D5}.Release|x64.ActiveCfg = Release|x64
		{A844AD48-D19C-4561-BFAA-B4220EBDD2D5}.Release|x64.Build.0 = Release|x64
		{A844AD48-D19C-4561-BFAA-B4220EBDD2D5}.Release|x86.ActiveCfg = Release|Win32
		{A844AD48-D19C-4561-BFAA-B4220EBDD2D5}.Release|x86.Build.0 = Release|Win32
		{1B3BE607-4184-4116-A9C0-EEC774C305F8}.Debug|x64.ActiveCfg = Debug|x64
		{1B3BE607-4184-4116-A9C0-EEC774C305F8}.Debug|x64.Build.0 = Debug|x64
		{1B3BE607-4184-4116-A9C0-EEC774C305F8}.Debug|x86.ActiveCfg = Debug|Win32
		{1B3BE607-4184-4116-A9C0-EEC774C305F8}.Debug|x86.Build.0 = Debug|Win32
		{1B3BE607-4184-4116-A9C0-EEC774C305F8}.Release|x64.ActiveCfg = Release|x64
		{1B3BE607-4184-4116-A9C0-EEC774C305F8}.Release|x64.Build.0 = Release|x64
		{1B3BE607-4184-4116-A9C0-EEC774C305F8}.Release|x86.ActiveCfg = Release|Win32
		{1B3BE607-4184-4116-A9C0-EEC774C305F8}.Release|x86.Build.0 = Release|Win32
		{A15D64CE-41A3-4420-86D5-CA25E1DAD819}.Debug|x64.ActiveCfg = Debug|x64
		{A15D64CE-41A3-4420-86D5-CA25E1DAD819}.Debug|x64.Build.0 = Debug|x64
		{A15D64CE-41A3-4420-86D5-CA25E1DAD819}.Debug|x86.ActiveCfg = Debug|Win32
		{A15D64CE-41A3-4420-86D5-CA25E1DAD819}.Debug|x86.Build.0 = Debug|Win32
		{A15D64CE-41A3-4420-86D5-CA25E1DAD819}.Release|x64.ActiveCfg = Release|x64
		{A15D64CE-41A3-4420-86D5-CA25E1DAD819}.Release|x64.Build.0 = Release|x64
		{A15D64CE-41A3-4420-86D5-CA25E1DAD819}.Release|x86.ActiveCfg = Release|Win32
		{A15D64CE-41A3-4420-86D5-CA25E1DAD819}.Release|x86.Build.0 = Release|Win32
		{7042FBEE-7003-4723-A984-08799C8CA9A1}.Debug|x64.ActiveCfg = Debug|x64
		{7042FBEE-7003-4723-A984-08799C8CA9A1}.Debug|x64.Build.0 = Debug|x64
		{7042FBEE-7003-4723-A984-08799C8CA9A1}.Debug|x86.ActiveCfg = Debug|Win32
		{7042FBEE-7003-4723-A984-08799C8CA9A1}.Debug|x86.Build.0 = Debug|Win32
		{7042FBEE-7003-4723-A984-08799C8CA9A1}.Release|x64.ActiveCfg = Release|x64
		{7042FBEE-7003-4723-A984-08799C8CA9A1}.Release|x64.Build.0 = Release|x64
		{7042FBEE-7003-4723-A984-08799C8CA9A1}.Release|x86.ActiveCfg = Release|Win32
		{7042FBEE-7003-4723-A984-08799C8CA9A1}.Release|x86.Build.0 = Release|Win32
		{05F4D14A-5D46-49E4-90B9-0C25F07467D0}.Debug|x64.ActiveCfg = Debug|x64
		{05F4D14A-5D46-49E4-90B9-0C25F07467D0}.Debug|x64.Build.0 = Debug|x64
		{05F4D14A-5D46-49E4-90B9-0C25F07467D0}.Debug|x86.ActiveCfg = Debug|Win32
		{05F4D14A-5D46-49E4-90B9-0C25F07467D0}.Debug|x86.Build.0 = Debug|Win32
		{05F4D14A-5D46-49E4-90B9-0C25F07467D0}.Release|x64.ActiveCfg = Release|x64
		{05F4D14A-5D46-49E4-90B9-0C25F07467D0}.Release|x64.Build.0 = Release|x64
		{05F4D14A-5D46-49E4-90B9-0C25F07467D0}.Release|x86.ActiveCfg = Release|Win32
		{05F4D14A-5D46-49E4-90B9-0C25F07467D0}.Release|x86.Build.0 = Release|Win32
		{27DCA6BA-0D77-454A-B454-4296345E2515}.Debug|x64.ActiveCfg = Debug|x64
		{27DCA6BA-0D77-454A-B454-4296345E2515}.Debug|x64.Build.0 = Debug|x64
		{27DCA6BA-0D77-454A-B454-4296345E2515}.Debug|x86.ActiveCfg = Debug|Win32
		{27DCA6BA-0D77-454A-B454-4296345E2515}.Debug|x86.Build.0 = Debug|Win32
		{27DCA6BA-0D77-454A-B454-4296345E2515}.Release|x64.ActiveCfg = Release|x64
		{27DCA6BA-0D77-454A-B454-4296345E2515}.Release|x64.Build.0 = Release|x64
		{27DCA6BA-0D77-454A-B454-4296345E2515}.Release|x86.ActiveCfg = Release|Win32
		{27DCA6BA-0D77-454A-B454-4296345E2515}.Release|x86.Build.0 = Release|Win32
		{CAB017E0-28E2-496E-98AE-8AEDE85550AC}.Debug|x64.ActiveCfg = Debug|x64
		{CAB017E0-28E2-496E-98AE-8AEDE85550AC}.Debug|x64.Build.0 = Debug|x64
		{CAB017E0-28E2-496E-98AE-8AEDE85550AC}.Debug|x86.ActiveCfg = Debug|Win32
		{CAB017E0-28E2-496E-98AE-8AEDE85550AC}.Debug|x86.Build.0 = Debug|Win32
		{CAB017E0-28E2-496E-98AE-8AEDE85550AC}.Release|x64.ActiveCfg = Release|x64
		{CAB017E0-28E2-496E-98AE-8AEDE85550AC}.Release|x64.Build.0 = Release|x64
		{CAB017E0-28E2-496E-98AE-8AEDE85550AC}.Release|x86.ActiveCfg = Release|Win32
		{CAB017E0-28E2-496E-98AE-8AEDE85550AC}.Release|x86.Build.0 = Release|Win32
		{EF63EF8E-7E1C-451E-A699-5BD1DFA79853}.Debug|x64.ActiveCfg = Debug|x64
		{EF63EF8E-7E1C-451E-A699-5BD1DFA79853}.Debug|x64.Build.0 = Debug|x64
		{EF63EF8E-7E1C-451E-A699-5BD1DFA79853}.Debug|x86.ActiveCfg = Debug|Win32
		{EF63EF8E-7E1C-451E-A699-5BD1DFA79853}.Debug|x86.Build.0 = Debug|Win32
		{EF63EF8E-7E1C-451E-A699-5BD1DFA79853}.Release|x64.ActiveCfg = Release|x64
		{EF63EF8E-7E1C-451E-A699-5BD1DFA79853}.Release|x64.Build.0 = Release|x64
		{EF63EF8E-7E1C-451E-A699-5BD1DFA79853}.Release|x86.ActiveCfg = Release|Win32
		{EF63EF8E-7E1C-451E-A699-5BD1DFA79853}.Release|x86.Build.0 = Release|Win32
		{088F50FA-763D-4DB9-B922-BC0835ECCF3F}.Debug|x64.ActiveCfg = Debug|x64
		{088F50FA-763D-4DB9-B922-BC0835ECCF3F}.Debug|x64.Build.0 = Debug|x64
		{088F50FA-763D-4DB9-B922-BC0835ECCF3F}.Debug|x86.ActiveCfg = Debug|Win32
		{088F50FA-763D-4DB9-B922-BC0835ECCF3F}.Debug|x86.Build.0 = Debug|Win32
		{088F50FA-763D-4DB9-B922-BC0835ECCF3F}.Release|x64.ActiveCfg = Release|x64
		{088F50FA-763D-4DB9-B922-BC0835ECCF3F}.Release|x64.Build.0 = Release|x64
		{088F50FA-763D-4DB9-B922-BC0835ECCF3F}.Release|x86.ActiveCfg = Release|Win32
		{088F50FA-763D-4DB9-B922-BC0835ECCF3F}.Release|x86.Build.0 = Release|Win32
		{42D12554-128E-40E0-9597-E1EBCE0BE2E6}.Debug|x64.ActiveCfg = Debug|x64
		{42D12554-128E-40E0-9597-E1EBCE0BE2E6}.Debug|x64.Build.0 = Debug|x64
		{42D12554-128E-40E0-9597-E1EBCE0BE2E6}.Debug|x86.ActiveCfg = Debug|Win32
		{42D12554-128E-40E0-9597-E1EBCE0BE2E6}.Debug|x86.Build.0 = Debug|Win32
		{42D12554-128E-40E0-9597-E1EBCE0BE2E6}.Release|x64.ActiveCfg = Release|x64
		{42D12554-128E-40E0-9597-E1EBCE0BE2E6}.Release|x64.Build.0 = Release|x64
		{42D12554-128E-40E0-9597-E1EBCE0BE2E6}.Release|x86.ActiveCfg = Release|Win32
		{42D12554-128E-40E0-9597-E1EBCE0BE2E6}.Release|x86.Build.0 = Release|Win32
		{D252534D-2B95-4FC3-81F6-E3FC93D3EE63}.Debug|x64.ActiveCfg = Debug|x64
		{D252534D-2B95-4FC3-81F6-E3FC93D3EE63}.Debug|x64.Build.0 = Debug|x64
		{D252534D-2B95-4FC3-81F6-E3FC93D3EE63}.Debug|x86.ActiveCfg = Debug|Win32
		{D252534D-2B95-4FC3-81F6-E3FC93D3EE63}.Debug|x86.Build.0 = Debug|Win32
		{D252534D-2B95-4FC3-81F6-E3FC93D3EE63}.Release|x64.ActiveCfg = Release|x64
		{D252534D-2B95-4FC3-81F6-E3FC93D3EE63}.Release|x64.Build.0 = Release|x64
		{D252534D-2B95-4FC3-81F6-E3FC93D3EE63}.Release|x86.ActiveCfg = Release|Win32
		{D252534D-2B95-4FC3-81F6-E3FC93D3EE63}.Release|x86.Build.0 = Release|Win32
		{11716303-FFB9-480D-941A-ADBD4B125DFB}.Debug|x64.ActiveCfg = Debug|x64
		{11716303-FFB9-480D-941A-ADBD4B125DFB}.Debug|x64.Build.0 = Debug|x64
		{11716303-FFB9-480D-941A-ADBD4B125DFB}.Debug|x86.ActiveCfg = Debug|Win32
		{11716303-FFB9-480D-941A-ADBD4B125DFB}.Debug|x86.Build.0 = Debug|Win32
		{11716303-FFB9-480D-941A-ADBD4B125DFB}.Release|x64.ActiveCfg = Release|x64
		{11716303-FFB9-480D-941A-ADBD4B125DFB}.Release|x64.Build.0 = Release|x64
		{11716303-FFB9-480D-941A-ADBD4B125DFB}.Release|x86.ActiveCfg = Release|Win32
		{11716303-FFB9-480D-941A-ADBD4B125DFB}.Release|x86.Build.0 = Release|Win32
		{5E0AC118-5003-4FF3-8D0A-8C680ADFECAA}.Debug|x64.ActiveCfg = Debug|x64
		{5E0AC118-5003-4FF3-8D0A-8C680ADFECAA}.Debug|x64.Build.0 = Debug|x64
		{5E0AC118-5003-4FF3-8D0A-8C680ADFECAA}.Debug|x86.ActiveCfg = Debug|Win32
		{5E0AC118-5003-4FF3-8D0A-8C680ADFECAA}.Debug|x86.Build.0 = Debug|Win32
		{5E0AC118-5003-4FF3-8D0A-8C680ADFECAA}.Release|x64.ActiveCfg = Release|x64
		{5E0AC118-5003-4FF3-8D0A-8C680ADFECAA}.Release|x64.Build.0 = Release|x64
		{5E0AC118-5003-4FF3-8D0A-8C680ADFECAA}.Release|x86.ActiveCfg = Release|Win32
		{5E0AC118-5003-4FF3-8D0A-8C680ADFECAA}.Release|x86.Build.0 = Release|Win32
		{38BF5662-E9C7-475F-A822-E8B8E9D69FD5}.Debug|x64.ActiveCfg = Debug|x64
		{38BF5662-E9C7-475F-A822-E8B8E9D69FD5}.Debug|x64.Build.0 = Debug|x64
		{38BF5662-E9C7-475F-A822-E8B8E9D69FD5}.Debug|x86.ActiveCfg = Debug|Win32
		{38BF5662-E9C7-475F-A822-E8B8E9D69FD5}.Debug|x86.Build.0 = Debug|Win32
		{38BF5662-E9C7-475F-A822-E8B8E9D69FD5}.Release|x64.ActiveCfg = Release|x64
		{38BF5662-E9C7-475F-A822-E8B8E9D69FD5}.Release|x64.Build.0 = Release|x64
		{38BF5662-E9C7-475F-A822-E8B8E9D69FD5}.Release|x86.ActiveCfg = Release|Win32
		{38BF5662-E9C7-475F-A822-E8B8E9D69FD5}.Release|x86.Build.0 = Release|Win32
		{FBE2A299-B46B-437B-9192-9BEEB5B1E956}.Debug|x64.ActiveCfg = Debug|x64
		{FBE2A299-B46B-437B-9192-9BEEB5B1E956}.Debug|x64.Build.0 = Debug|x64
		{FBE2A299-B46B-437B-9192-9BEEB5B1E956}.Debug|x86.ActiveCfg = Debug|Win32
		{FBE2A299-B46B-437B-9192-9BEEB5B1E956}.Debug|x86.Build.0 = Debug|Win32
		{FBE2A299-B46B-437B-9192-9BEEB5B1E956}.Release|x64.ActiveCfg = Release|x64
		{FBE2A299-B46B-437B-9192-9BEEB5B1E956}.Release|x64.Build.0 = Release|x64
		{FBE2A299-B46B-437B-9192-9BEEB5B1E956}.Release|x86.ActiveCfg = Release|Win32
		{FBE2A299-B46B-437B-9192-9BEEB5B1E956}.Release|x86.Build.0 = Release|Win32
		{F3735CE0-3BE2-4923-984B-71ECA47084E4}.Debug|x64.ActiveCfg = Debug|x64
		{F3735CE0-3BE2-4923-984B-71ECA47084E4}.Debug|x64.Build.0 = Debug|x64
		{F3735CE0-3BE2-4923-984B-71ECA47084E4}.Debug|x86.ActiveCfg = Debug|Win32
		{F3735CE0-3BE2-4923-984B-71ECA47084E4}.Debug|x86.Build.0 = Debug|Win32
		{F3735CE0-3BE2-4923-984B-71ECA47084E4}.Release|x64.ActiveCfg = Release|x64
		{F3735CE0-3BE2-4923-984B-71ECA47084E4}.Release|x64.Build.0 = Release|x64
		{F3735CE0-3BE2-4923-984B-71ECA47084E4}.Release|x86.ActiveCfg = Release|Win32
		{F3735CE0-3BE2-4923-984B-71ECA47084E4}.Release|x86.Build.0 = Release|Win32
		{54F46316-3253-4227-8D34-443B26E170A4}.Debug|x64.ActiveCfg = Debug|x64
		{54F46316-3253-4227-8D34-443B26E170A4}.Debug|x64.Build.0 = Debug|x64
		{54F46316-3253-4227-8D34-443B26E170A4}.Debug|x86.ActiveCfg = Debug|Win32
		{54F46316-3253-4227-8D34-443B26E170A4}.Debug|x86.Build.0 = Debug|Win32
		{54F46316-3253-4227-8D34-443B26E170A4}.Release|x64.ActiveCfg = Release|x64
		{54F46316-3253-4227-8D34-443B26E170A4}.Release|x64.Build.0 = Release|x64
		{54F46316-3253-4227-8D34-443B26E170A4}.Release|x86.ActiveCfg = Release|Win32
		{54F46316-3253-4227-8D34-443B26E170A4}.Release|x86.Build.0 = Release|Win32
		{C6CE5BF7-48E6-412D-B287-913B1E4D4559}.Debug|x64.ActiveCfg = Debug|x64
		{C6CE5BF7-48E6-412D-B287-913B1E4D4559}.Debug|x64.Build.0 = Debug|x64
		{C6CE5BF7-48E6-412D-B287-913B1E4D4559}.Debug|x86.ActiveCfg = Debug|Win32
		{C6CE5BF7-48E6-412D-B287-913B1E4D4559}.Debug|x86.Build.0 = Debug|Win32
		{C6CE5BF7-48E6-412D-B287-913B1E4D4559}.Release|x64.ActiveCfg = Release|x64
		{C6CE5BF7-48E6-412D-B287-913B1E4D4559}.Release|x64.Build.0 = Release|x64
		{C6CE5BF7-48E6-412D-B287-913B1E4D4559}.Release|x86.ActiveCfg = Release|Win32
		{C6CE5BF7-48E6-412D-B287-913B1E4D4559}.Release|x86.Build.0 = Release|Win32
	EndGlobalSection
	GlobalSection(SolutionProperties) = preSolution
		HideSolutionNode = FALSE
	EndGlobalSection
	GlobalSection(ExtensibilityGlobals) = postSolution
		SolutionGuid = {F87C786B-F5FB-4377-B27C-2876D5FC0DF2}
	EndGlobalSection
EndGlobal
